
Microsoft Visual Studio Solution File, Format Version 9.00
# Visual Studio 2005
Project("{8BC9CEB8-8B4A-11D0-8D11-00A0C91BC942}") = "ShimCom", "ShimCom.vcproj", "{221D5926-D4E5-40BF-9165-BA8D3DAEE7BC}"
EndProject
Global
	GlobalSection(SolutionConfigurationPlatforms) = preSolution
		Debug|RREmul_SDK (ARMV4I) = Debug|RREmul_SDK (ARMV4I)
		Release|RREmul_SDK (ARMV4I) = Release|RREmul_SDK (ARMV4I)
	EndGlobalSection
	GlobalSection(ProjectConfigurationPlatforms) = postSolution
		{221D5926-D4E5-40BF-9165-BA8D3DAEE7BC}.Debug|RREmul_SDK (ARMV4I).ActiveCfg = Debug|RREmul_SDK (ARMV4I)
		{221D5926-D4E5-40BF-9165-BA8D3DAEE7BC}.Debug|RREmul_SDK (ARMV4I).Build.0 = Debug|RREmul_SDK (ARMV4I)
		{221D5926-D4E5-40BF-9165-BA8D3DAEE7BC}.Debug|RREmul_SDK (ARMV4I).Deploy.0 = Debug|RREmul_SDK (ARMV4I)
		{221D5926-D4E5-40BF-9165-BA8D3DAEE7BC}.Release|RREmul_SDK (ARMV4I).ActiveCfg = Release|RREmul_SDK (ARMV4I)
		{221D5926-D4E5-40BF-9165-BA8D3DAEE7BC}.Release|RREmul_SDK (ARMV4I).Build.0 = Release|RREmul_SDK (ARMV4I)
		{221D5926-D4E5-40BF-9165-BA8D3DAEE7BC}.Release|RREmul_SDK (ARMV4I).Deploy.0 = Release|RREmul_SDK (ARMV4I)
	EndGlobalSection
	GlobalSection(SolutionProperties) = preSolution
		HideSolutionNode = FALSE
	EndGlobalSection
EndGlobal
